{
  "name": "task2-scanner-verification-dependencies",
  "lockfileVersion": 3,
  "requires": true,
  "packages": {
    "": {
      "name": "task2-scanner-verification-dependencies",
      "dependencies": {
        "openalgo-charts": "2.1.7"
      }
    },
    "node_modules/openalgo-charts": {
      "version": "2.1.7",
      "resolved": "https://registry.npmjs.org/openalgo-charts/-/openalgo-charts-2.1.7.tgz",
      "integrity": "sha512-c9/NQU/hJTwspuVKm9D43Bcc+NJygRl3CjDkVVeEyrpV5hO42jCROkP2XyQTlKAIUgGMDOwFCXID1iwD+ZQ38w==",
      "license": "Apache-2.0",
      "engines": {
        "node": ">=20"
      }
    }
  }
}
